
Microsoft Visual Studio Solution File, Format Version 12.00
# Visual Studio Version 17
VisualStudioVersion = 17.14.36109.1 d17.14
MinimumVisualStudioVersion = 10.0.40219.1
Project("{FAE04EC0-301F-11D3-BF4B-00C04F79EFBC}") = "C-Sharp_Weather_API_Library", "C-Sharp_Weather_API_Library.csproj", "{7A889D5D-C33B-4579-A9FD-31CCB4A80B12}"
EndProject
Global
	GlobalSection(SolutionConfigurationPlatforms) = preSolution
		Debug|Any CPU = Debug|Any CPU
		Release|Any CPU = Release|Any CPU
	EndGlobalSection
	GlobalSection(ProjectConfigurationPlatforms) = postSolution
		{7A889D5D-C33B-4579-A9FD-31CCB4A80B12}.Debug|Any CPU.ActiveCfg = Debug|Any CPU
		{7A889D5D-C33B-4579-A9FD-31CCB4A80B12}.Debug|Any CPU.Build.0 = Debug|Any CPU
		{7A889D5D-C33B-4579-A9FD-31CCB4A80B12}.Release|Any CPU.ActiveCfg = Release|Any CPU
		{7A889D5D-C33B-4579-A9FD-31CCB4A80B12}.Release|Any CPU.Build.0 = Release|Any CPU
	EndGlobalSection
	GlobalSection(SolutionProperties) = preSolution
		HideSolutionNode = FALSE
	EndGlobalSection
	GlobalSection(ExtensibilityGlobals) = postSolution
		SolutionGuid = {C7B614D6-28D7-4092-A032-4CEF84EED0A1}
	EndGlobalSection
EndGlobal
